<Solution>
  <Folder Name="/benchmarks/">
    <Project Path="benchmarks/Theon.Benchmarks/Theon.Benchmarks.csproj" />
  </Folder>
  <Folder Name="/samples/">
    <Project Path="samples/Theon.Sample/Theon.Sample.csproj" />
  </Folder>
  <Folder Name="/src/">
    <Project Path="src/Theon.AspNetCore/Theon.AspNetCore.csproj" />
    <Project Path="src/Theon.Localization.PtBr/Theon.Localization.PtBr.csproj" />
    <Project Path="src/Theon/Theon.csproj" />
  </Folder>
  <Folder Name="/tests/">
    <Project Path="tests/Theon.AspNetCore.Tests/Theon.AspNetCore.Tests.csproj" />
    <Project Path="tests/Theon.Localization.PtBr.Tests/Theon.Localization.PtBr.Tests.csproj" />
    <Project Path="tests/Theon.Tests/Theon.Tests.csproj" />
  </Folder>
</Solution>
